
Microsoft Visual Studio Solution File, Format Version 12.00
# Visual Studio 2013
VisualStudioVersion = 12.0.21005.1
MinimumVisualStudioVersion = 10.0.40219.1
Project("{FAE04EC0-301F-11D3-BF4B-00C04F79EFBC}") = "IMHU.Domain", "IMHU.Domain\IMHU.Domain.csproj", "{46885296-4D42-4F2C-849F-F2657717FBD5}"
EndProject
Project("{FAE04EC0-301F-11D3-BF4B-00C04F79EFBC}") = "IMHU.WebUI", "IMHU.WebUI\IMHU.WebUI.csproj", "{1E431B7A-BC78-4C2D-8566-66067883371B}"
	ProjectSection(ProjectDependencies) = postProject
		{C1341684-D24D-46F7-8DE6-9F220FD10726} = {C1341684-D24D-46F7-8DE6-9F220FD10726}
	EndProjectSection
EndProject
Project("{FAE04EC0-301F-11D3-BF4B-00C04F79EFBC}") = "IMHU.UnitTests", "IMHU.UnitTests\IMHU.UnitTests.csproj", "{559D6710-FDC7-4071-9BBC-88929AFFA4A2}"
EndProject
Project("{FAE04EC0-301F-11D3-BF4B-00C04F79EFBC}") = "ARS_Service", "ARS_Service\ARS_Service.csproj", "{C1341684-D24D-46F7-8DE6-9F220FD10726}"
EndProject
Project("{FAE04EC0-301F-11D3-BF4B-00C04F79EFBC}") = "USF_Service", "USF_Service\USF_Service.csproj", "{DCDC893D-5ECF-4A6B-8557-CD93C11C4B1F}"
EndProject
Project("{FAE04EC0-301F-11D3-BF4B-00C04F79EFBC}") = "ACEService", "ACEService\ACEService.csproj", "{2D8E6795-EEF6-45F5-9C5D-CCA847333AF2}"
EndProject
Project("{FAE04EC0-301F-11D3-BF4B-00C04F79EFBC}") = "SQLUtil", "SQLUtil\SQLUtil.csproj", "{BED10063-B21C-4D45-9A4B-309B418FD901}"
EndProject
Project("{FAE04EC0-301F-11D3-BF4B-00C04F79EFBC}") = "MSMQ", "MSMQ\MSMQ.csproj", "{FCBB134D-8AA6-487D-BD35-F2225C634251}"
EndProject
Project("{FAE04EC0-301F-11D3-BF4B-00C04F79EFBC}") = "WindowsServiceHost", "WindowsServiceHost\WindowsServiceHost.csproj", "{1682E2D6-68C0-456D-98F6-8EF331D87F13}"
EndProject
Global
	GlobalSection(SolutionConfigurationPlatforms) = preSolution
		Debug|Any CPU = Debug|Any CPU
		Release|Any CPU = Release|Any CPU
	EndGlobalSection
	GlobalSection(ProjectConfigurationPlatforms) = postSolution
		{46885296-4D42-4F2C-849F-F2657717FBD5}.Debug|Any CPU.ActiveCfg = Debug|Any CPU
		{46885296-4D42-4F2C-849F-F2657717FBD5}.Debug|Any CPU.Build.0 = Debug|Any CPU
		{46885296-4D42-4F2C-849F-F2657717FBD5}.Release|Any CPU.ActiveCfg = Release|Any CPU
		{46885296-4D42-4F2C-849F-F2657717FBD5}.Release|Any CPU.Build.0 = Release|Any CPU
		{1E431B7A-BC78-4C2D-8566-66067883371B}.Debug|Any CPU.ActiveCfg = Debug|Any CPU
		{1E431B7A-BC78-4C2D-8566-66067883371B}.Debug|Any CPU.Build.0 = Debug|Any CPU
		{1E431B7A-BC78-4C2D-8566-66067883371B}.Release|Any CPU.ActiveCfg = Release|Any CPU
		{1E431B7A-BC78-4C2D-8566-66067883371B}.Release|Any CPU.Build.0 = Release|Any CPU
		{559D6710-FDC7-4071-9BBC-88929AFFA4A2}.Debug|Any CPU.ActiveCfg = Debug|Any CPU
		{559D6710-FDC7-4071-9BBC-88929AFFA4A2}.Debug|Any CPU.Build.0 = Debug|Any CPU
		{559D6710-FDC7-4071-9BBC-88929AFFA4A2}.Release|Any CPU.ActiveCfg = Release|Any CPU
		{559D6710-FDC7-4071-9BBC-88929AFFA4A2}.Release|Any CPU.Build.0 = Release|Any CPU
		{C1341684-D24D-46F7-8DE6-9F220FD10726}.Debug|Any CPU.ActiveCfg = Debug|Any CPU
		{C1341684-D24D-46F7-8DE6-9F220FD10726}.Debug|Any CPU.Build.0 = Debug|Any CPU
		{C1341684-D24D-46F7-8DE6-9F220FD10726}.Release|Any CPU.ActiveCfg = Release|Any CPU
		{C1341684-D24D-46F7-8DE6-9F220FD10726}.Release|Any CPU.Build.0 = Release|Any CPU
		{DCDC893D-5ECF-4A6B-8557-CD93C11C4B1F}.Debug|Any CPU.ActiveCfg = Debug|Any CPU
		{DCDC893D-5ECF-4A6B-8557-CD93C11C4B1F}.Debug|Any CPU.Build.0 = Debug|Any CPU
		{DCDC893D-5ECF-4A6B-8557-CD93C11C4B1F}.Release|Any CPU.ActiveCfg = Release|Any CPU
		{DCDC893D-5ECF-4A6B-8557-CD93C11C4B1F}.Release|Any CPU.Build.0 = Release|Any CPU
		{2D8E6795-EEF6-45F5-9C5D-CCA847333AF2}.Debug|Any CPU.ActiveCfg = Debug|Any CPU
		{2D8E6795-EEF6-45F5-9C5D-CCA847333AF2}.Debug|Any CPU.Build.0 = Debug|Any CPU
		{2D8E6795-EEF6-45F5-9C5D-CCA847333AF2}.Release|Any CPU.ActiveCfg = Release|Any CPU
		{2D8E6795-EEF6-45F5-9C5D-CCA847333AF2}.Release|Any CPU.Build.0 = Release|Any CPU
		{BED10063-B21C-4D45-9A4B-309B418FD901}.Debug|Any CPU.ActiveCfg = Debug|Any CPU
		{BED10063-B21C-4D45-9A4B-309B418FD901}.Debug|Any CPU.Build.0 = Debug|Any CPU
		{BED10063-B21C-4D45-9A4B-309B418FD901}.Release|Any CPU.ActiveCfg = Release|Any CPU
		{BED10063-B21C-4D45-9A4B-309B418FD901}.Release|Any CPU.Build.0 = Release|Any CPU
		{FCBB134D-8AA6-487D-BD35-F2225C634251}.Debug|Any CPU.ActiveCfg = Debug|Any CPU
		{FCBB134D-8AA6-487D-BD35-F2225C634251}.Debug|Any CPU.Build.0 = Debug|Any CPU
		{FCBB134D-8AA6-487D-BD35-F2225C634251}.Release|Any CPU.ActiveCfg = Release|Any CPU
		{FCBB134D-8AA6-487D-BD35-F2225C634251}.Release|Any CPU.Build.0 = Release|Any CPU
		{1682E2D6-68C0-456D-98F6-8EF331D87F13}.Debug|Any CPU.ActiveCfg = Debug|Any CPU
		{1682E2D6-68C0-456D-98F6-8EF331D87F13}.Debug|Any CPU.Build.0 = Debug|Any CPU
		{1682E2D6-68C0-456D-98F6-8EF331D87F13}.Release|Any CPU.ActiveCfg = Release|Any CPU
		{1682E2D6-68C0-456D-98F6-8EF331D87F13}.Release|Any CPU.Build.0 = Release|Any CPU
	EndGlobalSection
	GlobalSection(SolutionProperties) = preSolution
		HideSolutionNode = FALSE
	EndGlobalSection
EndGlobal
